github.com/KaTeX/KaTeX v0.16.9 h1:4VYWM2nMSCfOPi63mTRJYQs0UmZPGTx3noiQ/vJu9Rk=
github.com/KaTeX/KaTeX v0.16.9/go.mod h1:VI+aE+CVs/VqtbHnuhstfQST46GmrwpXH7LQAzYIouw=
github.com/hugomods/code-block-panel v0.4.0 h1:/f9DCwLPcSHFUmQqyfkSRT3pzOttntuS0TwdOAFSpEY=
github.com/hugomods/code-block-panel v0.4.0/go.mod h1:3J9yUxaShbhYvFFZbGVHcBoHPl6TUKLL3f2fTsnVNNg=
github.com/hugomods/hugopress v0.2.2 h1:2gBGs1RrOSYWNBu8PcqApQNN63jLsBfAViMSvh6QiX4=
github.com/hugomods/hugopress v0.2.2/go.mod h1:CRYvr60xOkZOf4Atkuj+uEj2EH5pjJ39Ws3aJAkoMkA=
github.com/hugomods/icons v0.6.0 h1:G6RU93okhPPRDh/jqcew9gwkcYpSpg0rCBv4S6yUAFw=
github.com/hugomods/icons v0.6.0/go.mod h1:cIkSvK6W0q6N4U6n9KGz+QfRWQXAW0INd+1P31gPNGg=
github.com/hugomods/icons/vendors/lucide v0.3.22 h1:KFFTNv8ubg9dS2ZBWfALlxtojx7+C3eRST2yFcNmPeY=
github.com/hugomods/icons/vendors/lucide v0.3.22/go.mod h1:0qy4eL09s+aJp5MwwHWB1lzmKXcVjpC7EJ3oNDny7VQ=
github.com/hugomods/icons/vendors/lucide v0.3.27 h1:cvoZvQiXa4bWdA5T0IJJhiksodFVoq6LGHJs6rWoFb4=
github.com/hugomods/icons/vendors/lucide v0.3.27/go.mod h1:R8/cX87xnORwF+HxmnjhIsVr/ATH/Ivy0yqVq4Vap6s=
github.com/hugomods/icons/vendors/simple-icons v1.0.19 h1:EW0gsvIo5FMKNRdBtwGU0X3G6D1FSMf4l8OVFpCDPxU=
github.com/hugomods/icons/vendors/simple-icons v1.0.19/go.mod h1:9MeUCHoTT5TXJnS+YRv5ML8VZrDBvYEJx0sWjw0hHfM=
github.com/hugomods/icons/vendors/simple-icons v1.0.25 h1:xbDx/9xgt9+2XyolTc33Vg5OMIpsId3MmNcQ289H570=
github.com/hugomods/icons/vendors/simple-icons v1.0.25/go.mod h1:Yi5H1QtUn2ijo/jEkgjHi5i5jnjIkmREZuJ1qzuRqh0=
github.com/hugomods/images v0.8.2 h1:nZ4NOKai7mgTTPiIgyejDehq5iPnKquSey+yjjWRTzg=
github.com/hugomods/images v0.8.2/go.mod h1:U6Gwj16LKvk66rOMyGFrnF6f0aV8lT89lqOsckOAjYY=
github.com/hugomods/images v0.8.3 h1:tvccLmr4ydDw2rWtfRJUuXbDMYzoK9eB2HRTfVFi8to=
github.com/hugomods/images v0.8.3/go.mod h1:U6Gwj16LKvk66rOMyGFrnF6f0aV8lT89lqOsckOAjYY=
github.com/hugomods/katex v0.3.0 h1:hq0Kels9clL38Y2K/QZgXFKF7hQuumyQYz16TT4/Hhk=
github.com/hugomods/katex v0.3.0/go.mod h1:EBY1YQTN6F8FDQz+mWp3EzEh8vDN31YjL9luVni+Wm0=
github.com/hugomods/lucide-icons v0.298.0 h1:IdQf1VBZB1ocGhw+/X7Xz9GGV6R2PU39zpBb6TTGNz4=
github.com/hugomods/lucide-icons v0.298.0/go.mod h1:7loUmJrnD5umJ2sWSCb3AffZt0fYnSc1I+yBRjgHgw8=
github.com/hugomods/mermaid v0.1.1 h1:12b8DbdiKOTtPmkWOMXsBz3LKkAWVqa5tGkbEboj0a4=
github.com/hugomods/mermaid v0.1.1/go.mod h1:7sKIZLAeYsXXnKRh4KR70UQx27xnzf0mSQ2o99zTLS0=
github.com/hugomods/plausible-analytics v0.3.0 h1:WkGgCkNtknw0eIL/iW4H+bCm4ROAbR+H0ilnseHjdLs=
github.com/hugomods/plausible-analytics v0.3.0/go.mod h1:FAZ3u2dDF51TIm1QMY5B9mp3sXFgjEW0uv71+EisX+A=
github.com/hugomods/seo/modules/alternatives v0.1.0 h1:G5IjM7j7ExgXEMyxQj1Z/5JwwRW8DEmL0nDJYxA3NhE=
github.com/hugomods/seo/modules/alternatives v0.1.0/go.mod h1:ff9uz+f5yii9k2jbwt/HKM3RpLR3EYZrNQBAOabNxMA=
github.com/hugomods/seo/modules/base v0.1.0 h1:ZEkWuYeRJeQakBkBThO3N3lmGzOZoPixs4pDugJXfJk=
github.com/hugomods/seo/modules/base v0.1.0/go.mod h1:qfm1Vga0eGxL+Szgz8Jopm+NtJ5PGov2a2dikTg1qSg=
github.com/hugomods/seo/modules/favicons v0.2.1 h1:9FP4DIbdmBhmUpBuJVJYo60iwv9Xc/XNQX1mT8zCNj0=
github.com/hugomods/seo/modules/favicons v0.2.1/go.mod h1:xFDhrpWUZR4NMMVkilzT6xFBHiF5eyCQ8PlzOS2K9lY=
github.com/hugomods/seo/modules/open-graph v0.1.0 h1:Whveal1j1n2xZWcAlNAd2rdfKp7Fh5apol36wLGLb54=
github.com/hugomods/seo/modules/open-graph v0.1.0/go.mod h1:G7mXf7D1QtRN/i7A9v+cUF5P55H/QaxRqxJ8tp9fVq4=
github.com/hugomods/seo/modules/schema v0.1.1 h1:8IuJxCOxk9pfKpCFMik5fDCX7zaFwkGoeKacnYV0sgA=
github.com/hugomods/seo/modules/schema v0.1.1/go.mod h1:R6hRr2FIJITcMnFA/3V3dPAZgGQLNWGS7v1PLsmVRxU=
github.com/hugomods/seo/modules/twitter-cards v0.1.0 h1:jH9WfmFZ3kCndUkATM/D/BYL+TQYoXA7/IxgQJbifKQ=
github.com/hugomods/seo/modules/twitter-cards v0.1.0/go.mod h1:QYs7SWbhXSQrsn/RHZSD7DwzaCHFpoLQdVPxEI3j63k=
github.com/hugomods/shortcodes v0.12.1 h1:bhPTgbDIUEG8Hqi0eMESdrCN9Ot4SE3zV0TXSUlo+Fo=
github.com/hugomods/shortcodes v0.12.1/go.mod h1:EnVopbZMNI/HeteM3Lp3phBTCRLvPSe7l142qhRFFPY=
github.com/hugomods/shortcodes v0.13.2 h1:l/pahltOVCYv8Mz0Mg5bL1BLXWUxnTYYEVsy1XyorbM=
github.com/hugomods/shortcodes v0.13.2/go.mod h1:EnVopbZMNI/HeteM3Lp3phBTCRLvPSe7l142qhRFFPY=
github.com/hugomods/simple-icons v10.3.0+incompatible h1:uOh2gMFpW4k/ohTvu4oWbXdZzkvdI3iJVrb9kw1xcvg=
github.com/hugomods/simple-icons v10.3.0+incompatible/go.mod h1:1Lvymol7AMVY7ji/o88jMoDHHZIJ5Wc+WwNe5hjmk+U=
github.com/hugomods/snackbar v0.1.2 h1:SLpfH9jlYwf81epH7DvM2XTZHo+3fXXpk6XKtxmo964=
github.com/hugomods/snackbar v0.1.2/go.mod h1:ykFm0IFibeQPuPAm8Gaa27xJS/bNZcSez4omVSl2gQ0=
